
Microsoft Visual Studio Solution File, Format Version 11.00
# Visual Studio 2010
Project("{8BC9CEB8-8B4A-11D0-8D11-00A0C91BC942}") = "test", "test\test.vcxproj", "{99AE96AB-864E-4D55-B861-8675C6D28D8A}"
EndProject
Global
	GlobalSection(SolutionConfigurationPlatforms) = preSolution
		Debug|Win32 = Debug|Win32
		Release|Win32 = Release|Win32
	EndGlobalSection
	GlobalSection(ProjectConfigurationPlatforms) = postSolution
		{99AE96AB-864E-4D55-B861-8675C6D28D8A}.Debug|Win32.ActiveCfg = Debug|Win32
		{99AE96AB-864E-4D55-B861-8675C6D28D8A}.Debug|Win32.Build.0 = Debug|Win32
		{99AE96AB-864E-4D55-B861-8675C6D28D8A}.Release|Win32.ActiveCfg = Release|Win32
		{99AE96AB-864E-4D55-B861-8675C6D28D8A}.Release|Win32.Build.0 = Release|Win32
	EndGlobalSection
	GlobalSection(SolutionProperties) = preSolution
		HideSolutionNode = FALSE
	EndGlobalSection
EndGlobal
