
Microsoft Visual Studio Solution File, Format Version 11.00
# Visual Studio 2010
Project("{8BC9CEB8-8B4A-11D0-8D11-00A0C91BC942}") = "test1", "test1.vcxproj", "{E667F8E5-16F6-4C4A-B658-6F54DCD74895}"
EndProject
Global
	GlobalSection(SolutionConfigurationPlatforms) = preSolution
		Debug|Win32 = Debug|Win32
		Release|Win32 = Release|Win32
	EndGlobalSection
	GlobalSection(ProjectConfigurationPlatforms) = postSolution
		{E667F8E5-16F6-4C4A-B658-6F54DCD74895}.Debug|Win32.ActiveCfg = Debug|Win32
		{E667F8E5-16F6-4C4A-B658-6F54DCD74895}.Debug|Win32.Build.0 = Debug|Win32
		{E667F8E5-16F6-4C4A-B658-6F54DCD74895}.Release|Win32.ActiveCfg = Release|Win32
		{E667F8E5-16F6-4C4A-B658-6F54DCD74895}.Release|Win32.Build.0 = Release|Win32
	EndGlobalSection
	GlobalSection(SolutionProperties) = preSolution
		HideSolutionNode = FALSE
	EndGlobalSection
EndGlobal
